[[package]]
name = "astroid"
version = "2.6.6"
description = "An abstract syntax tree for Python with inference support."
category = "main"
optional = false
python-versions = "~=3.6"

[package.dependencies]
lazy-object-proxy = ">=1.4.0"
wrapt = ">=1.11,<1.13"

[[package]]
name = "autopep8"
version = "1.5.6"
description = "A tool that automatically formats Python code to conform to the PEP 8 style guide"
category = "main"
optional = false
python-versions = "*"

[package.dependencies]
pycodestyle = ">=2.7.0"
toml = "*"

[[package]]
name = "cloudpickle"
version = "2.2.0"
description = "Extended pickling support for Python objects"
category = "main"
optional = false
python-versions = ">=3.6"

[[package]]
name = "colorama"
version = "0.4.6"
description = "Cross-platform colored terminal text."
category = "main"
optional = false
python-versions = "!=3.0.*,!=3.1.*,!=3.2.*,!=3.3.*,!=3.4.*,!=3.5.*,!=3.6.*,>=2.7"

[[package]]
name = "cycler"
version = "0.11.0"
description = "Composable style cycles"
category = "main"
optional = false
python-versions = ">=3.6"

[[package]]
name = "importlib-metadata"
version = "5.0.0"
description = "Read metadata from Python packages"
category = "main"
optional = false
python-versions = ">=3.7"

[package.dependencies]
zipp = ">=0.5"

[package.extras]
docs = ["sphinx (>=3.5)", "jaraco.packaging (>=9)", "rst.linker (>=1.9)", "furo", "jaraco.tidelift (>=1.4)"]
perf = ["ipython"]
testing = ["pytest (>=6)", "pytest-checkdocs (>=2.4)", "pytest-flake8", "flake8 (<5)", "pytest-cov", "pytest-enabler (>=1.3)", "packaging", "pyfakefs", "flufl.flake8", "pytest-perf (>=0.9.2)", "pytest-black (>=0.3.7)", "pytest-mypy (>=0.9.1)", "importlib-resources (>=1.3)"]

[[package]]
name = "isort"
version = "5.10.1"
description = "A Python utility / library to sort Python imports."
category = "main"
optional = false
python-versions = ">=3.6.1,<4.0"

[package.extras]
pipfile_deprecated_finder = ["pipreqs", "requirementslib"]
requirements_deprecated_finder = ["pipreqs", "pip-api"]
colors = ["colorama (>=0.4.3,<0.5.0)"]
plugins = ["setuptools"]

[[package]]
name = "joblib"
version = "0.11"
description = "Lightweight pipelining: using Python functions as pipeline jobs."
category = "main"
optional = false
python-versions = "*"

[[package]]
name = "kiwisolver"
version = "1.4.4"
description = "A fast implementation of the Cassowary constraint solver"
category = "main"
optional = false
python-versions = ">=3.7"

[[package]]
name = "lazy-object-proxy"
version = "1.8.0"
description = "A fast and thorough lazy object proxy."
category = "main"
optional = false
python-versions = ">=3.7"

[[package]]
name = "llvmlite"
version = "0.39.1"
description = "lightweight wrapper around basic LLVM functionality"
category = "main"
optional = false
python-versions = ">=3.7"

[[package]]
name = "matplotlib"
version = "3.3.4"
description = "Python plotting package"
category = "main"
optional = false
python-versions = ">=3.6"

[package.dependencies]
cycler = ">=0.10"
kiwisolver = ">=1.0.1"
numpy = ">=1.15"
pillow = ">=6.2.0"
pyparsing = ">=2.0.3,<2.0.4 || >2.0.4,<2.1.2 || >2.1.2,<2.1.6 || >2.1.6"
python-dateutil = ">=2.1"

[[package]]
name = "mccabe"
version = "0.6.1"
description = "McCabe checker, plugin for flake8"
category = "main"
optional = false
python-versions = "*"

[[package]]
name = "numba"
version = "0.56.3"
description = "compiling Python code using LLVM"
category = "main"
optional = false
python-versions = ">=3.7"

[package.dependencies]
importlib-metadata = {version = "*", markers = "python_version < \"3.9\""}
llvmlite = ">=0.39.0dev0,<0.40"
numpy = ">=1.18,<1.24"

[[package]]
name = "numpy"
version = "1.19.5"
description = "NumPy is the fundamental package for array computing with Python."
category = "main"
optional = false
python-versions = ">=3.6"

[[package]]
name = "packaging"
version = "21.3"
description = "Core utilities for Python packages"
category = "main"
optional = false
python-versions = ">=3.6"

[package.dependencies]
pyparsing = ">=2.0.2,<3.0.5 || >3.0.5"

[[package]]
name = "pandas"
version = "1.1.5"
description = "Powerful data structures for data analysis, time series, and statistics"
category = "main"
optional = false
python-versions = ">=3.6.1"

[package.dependencies]
numpy = ">=1.15.4"
python-dateutil = ">=2.7.3"
pytz = ">=2017.2"

[package.extras]
test = ["pytest (>=4.0.2)", "pytest-xdist", "hypothesis (>=3.58)"]

[[package]]
name = "pillow"
version = "9.3.0"
description = "Python Imaging Library (Fork)"
category = "main"
optional = false
python-versions = ">=3.7"

[package.extras]
docs = ["furo", "olefile", "sphinx (>=2.4)", "sphinx-copybutton", "sphinx-issues (>=3.0.1)", "sphinx-removed-in", "sphinxext-opengraph"]
tests = ["check-manifest", "coverage", "defusedxml", "markdown2", "olefile", "packaging", "pyroma", "pytest", "pytest-cov", "pytest-timeout"]

[[package]]
name = "pycodestyle"
version = "2.9.1"
description = "Python style guide checker"
category = "main"
optional = false
python-versions = ">=3.6"

[[package]]
name = "pylint"
version = "2.7.4"
description = "python code static checker"
category = "main"
optional = false
python-versions = "~=3.6"

[package.dependencies]
astroid = ">=2.5.2,<2.7"
colorama = {version = "*", markers = "sys_platform == \"win32\""}
isort = ">=4.2.5,<6"
mccabe = ">=0.6,<0.7"
toml = ">=0.7.1"

[package.extras]
docs = ["sphinx (==3.5.1)", "python-docs-theme (==2020.12)"]

[[package]]
name = "pyparsing"
version = "3.0.9"
description = "pyparsing module - Classes and methods to define and execute parsing grammars"
category = "main"
optional = false
python-versions = ">=3.6.8"

[package.extras]
diagrams = ["railroad-diagrams", "jinja2"]

[[package]]
name = "python-dateutil"
version = "2.8.2"
description = "Extensions to the standard Python datetime module"
category = "main"
optional = false
python-versions = "!=3.0.*,!=3.1.*,!=3.2.*,>=2.7"

[package.dependencies]
six = ">=1.5"

[[package]]
name = "pytz"
version = "2022.5"
description = "World timezone definitions, modern and historical"
category = "main"
optional = false
python-versions = "*"

[[package]]
name = "pyyaml"
version = "3.12"
description = "YAML parser and emitter for Python"
category = "main"
optional = false
python-versions = "*"

[[package]]
name = "scikit-learn"
version = "0.24.2"
description = "A set of python modules for machine learning and data mining"
category = "main"
optional = false
python-versions = ">=3.6"

[package.dependencies]
joblib = ">=0.11"
numpy = ">=1.13.3"
scipy = ">=0.19.1"
threadpoolctl = ">=2.0.0"

[package.extras]
benchmark = ["matplotlib (>=2.1.1)", "pandas (>=0.25.0)", "memory-profiler (>=0.57.0)"]
docs = ["matplotlib (>=2.1.1)", "scikit-image (>=0.13)", "pandas (>=0.25.0)", "seaborn (>=0.9.0)", "memory-profiler (>=0.57.0)", "sphinx (>=3.2.0)", "sphinx-gallery (>=0.7.0)", "numpydoc (>=1.0.0)", "Pillow (>=7.1.2)", "sphinx-prompt (>=1.3.0)"]
examples = ["matplotlib (>=2.1.1)", "scikit-image (>=0.13)", "pandas (>=0.25.0)", "seaborn (>=0.9.0)"]
tests = ["matplotlib (>=2.1.1)", "scikit-image (>=0.13)", "pandas (>=0.25.0)", "pytest (>=5.0.1)", "pytest-cov (>=2.9.0)", "flake8 (>=3.8.2)", "mypy (>=0.770)", "pyamg (>=4.0.0)"]

[[package]]
name = "scikit-plot"
version = "0.3.7"
description = "An intuitive library to add plotting functionality to scikit-learn objects."
category = "main"
optional = false
python-versions = "*"

[package.dependencies]
joblib = ">=0.10"
matplotlib = ">=1.4.0"
scikit-learn = ">=0.18"
scipy = ">=0.9"

[package.extras]
testing = ["pytest"]

[[package]]
name = "scipy"
version = "1.9.3"
description = "Fundamental algorithms for scientific computing in Python"
category = "main"
optional = false
python-versions = ">=3.8"

[package.dependencies]
numpy = ">=1.18.5,<1.26.0"

[package.extras]
test = ["pytest", "pytest-cov", "pytest-xdist", "asv", "mpmath", "gmpy2", "threadpoolctl", "scikit-umfpack"]
doc = ["sphinx (!=4.1.0)", "pydata-sphinx-theme (==0.9.0)", "sphinx-panels (>=0.5.2)", "matplotlib (>2)", "numpydoc", "sphinx-tabs"]
dev = ["mypy", "typing-extensions", "pycodestyle", "flake8"]

[[package]]
name = "seaborn"
version = "0.11.2"
description = "seaborn: statistical data visualization"
category = "main"
optional = false
python-versions = ">=3.6"

[package.dependencies]
matplotlib = ">=2.2"
numpy = ">=1.15"
pandas = ">=0.23"
scipy = ">=1.0"

[[package]]
name = "shap"
version = "0.41.0"
description = "A unified approach to explain the output of any machine learning model."
category = "main"
optional = false
python-versions = "*"

[package.dependencies]
cloudpickle = "*"
numba = "*"
numpy = "*"
packaging = ">20.9"
pandas = "*"
scikit-learn = "*"
scipy = "*"
slicer = "0.0.7"
tqdm = ">4.25.0"

[package.extras]
all = ["transformers", "ipython", "lime", "pyod", "pyspark", "sphinx-rtd-theme", "pytest-mpl", "nbsphinx", "pytest", "opencv-python", "numpydoc", "xgboost", "torch", "sentencepiece", "matplotlib", "pytest-cov", "catboost", "lightgbm", "sphinx"]
docs = ["matplotlib", "ipython", "numpydoc", "sphinx-rtd-theme", "sphinx", "nbsphinx"]
others = ["lime"]
plots = ["matplotlib", "ipython"]
test = ["pytest", "pytest-mpl", "pytest-cov", "xgboost", "lightgbm", "catboost", "pyspark", "pyod", "transformers", "torch", "sentencepiece", "opencv-python"]

[[package]]
name = "six"
version = "1.16.0"
description = "Python 2 and 3 compatibility utilities"
category = "main"
optional = false
python-versions = ">=2.7, !=3.0.*, !=3.1.*, !=3.2.*"

[[package]]
name = "slicer"
version = "0.0.7"
description = "A small package for big slicing."
category = "main"
optional = false
python-versions = ">=3.6"

[[package]]
name = "threadpoolctl"
version = "3.1.0"
description = "threadpoolctl"
category = "main"
optional = false
python-versions = ">=3.6"

[[package]]
name = "toml"
version = "0.10.2"
description = "Python Library for Tom's Obvious, Minimal Language"
category = "main"
optional = false
python-versions = ">=2.6, !=3.0.*, !=3.1.*, !=3.2.*"

[[package]]
name = "tqdm"
version = "4.64.1"
description = "Fast, Extensible Progress Meter"
category = "main"
optional = false
python-versions = "!=3.0.*,!=3.1.*,!=3.2.*,!=3.3.*,>=2.7"

[package.dependencies]
colorama = {version = "*", markers = "platform_system == \"Windows\""}

[package.extras]
dev = ["py-make (>=0.1.0)", "twine", "wheel"]
notebook = ["ipywidgets (>=6)"]
slack = ["slack-sdk"]
telegram = ["requests"]

[[package]]
name = "wrapt"
version = "1.12.1"
description = "Module for decorators, wrappers and monkey patching."
category = "main"
optional = false
python-versions = "*"

[[package]]
name = "zipp"
version = "3.10.0"
description = "Backport of pathlib-compatible object wrapper for zip files"
category = "main"
optional = false
python-versions = ">=3.7"

[package.extras]
docs = ["sphinx (>=3.5)", "jaraco.packaging (>=9)", "rst.linker (>=1.9)", "furo", "jaraco.tidelift (>=1.4)"]
testing = ["pytest (>=6)", "pytest-checkdocs (>=2.4)", "pytest-flake8", "flake8 (<5)", "pytest-cov", "pytest-enabler (>=1.3)", "jaraco.itertools", "func-timeout", "jaraco.functools", "more-itertools", "pytest-black (>=0.3.7)", "pytest-mypy (>=0.9.1)"]

[metadata]
lock-version = "1.1"
python-versions = "^3.8"
content-hash = "d389e1bfe2a6eb51f86e4c842aab41a4c80ec14bf131a05bccb5f8a20a9e7bb1"

[metadata.files]
astroid = []
autopep8 = []
cloudpickle = []
colorama = []
cycler = [
    {file = "cycler-0.11.0-py3-none-any.whl", hash = "sha256:3a27e95f763a428a739d2add979fa7494c912a32c17c4c38c4d5f082cad165a3"},
    {file = "cycler-0.11.0.tar.gz", hash = "sha256:9c87405839a19696e837b3b818fed3f5f69f16f1eec1a1ad77e043dcea9c772f"},
]
importlib-metadata = []
isort = [
    {file = "isort-5.10.1-py3-none-any.whl", hash = "sha256:6f62d78e2f89b4500b080fe3a81690850cd254227f27f75c3a0c491a1f351ba7"},
    {file = "isort-5.10.1.tar.gz", hash = "sha256:e8443a5e7a020e9d7f97f1d7d9cd17c88bcb3bc7e218bf9cf5095fe550be2951"},
]
joblib = []
kiwisolver = []
lazy-object-proxy = []
llvmlite = []
matplotlib = []
mccabe = []
numba = []
numpy = []
packaging = [
    {file = "packaging-21.3-py3-none-any.whl", hash = "sha256:ef103e05f519cdc783ae24ea4e2e0f508a9c99b2d4969652eed6a2e1ea5bd522"},
    {file = "packaging-21.3.tar.gz", hash = "sha256:dd47c42927d89ab911e606518907cc2d3a1f38bbd026385970643f9c5b8ecfeb"},
]
pandas = []
pillow = []
pycodestyle = []
pylint = []
pyparsing = [
    {file = "pyparsing-3.0.9-py3-none-any.whl", hash = "sha256:5026bae9a10eeaefb61dab2f09052b9f4307d44aee4eda64b309723d8d206bbc"},
    {file = "pyparsing-3.0.9.tar.gz", hash = "sha256:2b020ecf7d21b687f219b71ecad3631f644a47f01403fa1d1036b0c6416d70fb"},
]
python-dateutil = [
    {file = "python-dateutil-2.8.2.tar.gz", hash = "sha256:0123cacc1627ae19ddf3c27a5de5bd67ee4586fbdd6440d9748f8abb483d3e86"},
    {file = "python_dateutil-2.8.2-py2.py3-none-any.whl", hash = "sha256:961d03dc3453ebbc59dbdea9e4e11c5651520a876d0f4db161e8674aae935da9"},
]
pytz = []
pyyaml = []
scikit-learn = []
scikit-plot = []
scipy = []
seaborn = [
    {file = "seaborn-0.11.2-py3-none-any.whl", hash = "sha256:85a6baa9b55f81a0623abddc4a26b334653ff4c6b18c418361de19dbba0ef283"},
    {file = "seaborn-0.11.2.tar.gz", hash = "sha256:cf45e9286d40826864be0e3c066f98536982baf701a7caa386511792d61ff4f6"},
]
shap = [
    {file = "shap-0.41.0-cp310-cp310-macosx_10_9_x86_64.whl", hash = "sha256:9e867dd8be6c0644c8d954dcc9efc51c0f0eec432de2d4cb253a7878489bb9f1"},
    {file = "shap-0.41.0-cp310-cp310-manylinux_2_12_i686.manylinux2010_i686.whl", hash = "sha256:48d52fe9d2ebb7bd829484e55c3b8a2edd8f3e50c4ad9ab905d5b6b72741b018"},
    {file = "shap-0.41.0-cp310-cp310-manylinux_2_12_x86_64.manylinux2010_x86_64.whl", hash = "sha256:b4aae56ca7827075a73a72d3ae02e28371e3a5ef244d82390b06d2eb34fb7183"},
    {file = "shap-0.41.0-cp310-cp310-win32.whl", hash = "sha256:43722a25dba0acdd2110f3df663f2eaf218824d229d5e90265d213f469803683"},
    {file = "shap-0.41.0-cp310-cp310-win_amd64.whl", hash = "sha256:0b964a51b3a19b9510e79abb59a3dcdaab55e1ff6fb6fc5b72383289300cb89e"},
    {file = "shap-0.41.0-cp36-cp36m-macosx_10_9_x86_64.whl", hash = "sha256:f99bc572dcc819e9ec81d1dbae8b20d5db1b4cd7499b5db2236485ed4b0b4c38"},
    {file = "shap-0.41.0-cp36-cp36m-manylinux_2_12_i686.manylinux2010_i686.whl", hash = "sha256:9a67da53b8b8a6669236585abe1f2e86a80d1af480068d4e4df2d950351d09ad"},
    {file = "shap-0.41.0-cp36-cp36m-manylinux_2_12_x86_64.manylinux2010_x86_64.whl", hash = "sha256:b025d362435572e321676bf605d5a9a56d0a82a45fcc142be2b27b51f02e062c"},
    {file = "shap-0.41.0-cp36-cp36m-win32.whl", hash = "sha256:fbbbab1be65569752d9742b08dc5ad4ffa5b32fbf11a2ec8a3e89eee8036ba96"},
    {file = "shap-0.41.0-cp36-cp36m-win_amd64.whl", hash = "sha256:613d0b5011cb781decb475cb3243441c55fc181ab181cf1916bc86df389c3d30"},
    {file = "shap-0.41.0-cp37-cp37m-macosx_10_9_x86_64.whl", hash = "sha256:d925d59868a8c16705e603221a94f6f9edba45e253fb62974c04f26404cfd0e5"},
    {file = "shap-0.41.0-cp37-cp37m-manylinux_2_12_i686.manylinux2010_i686.whl", hash = "sha256:696ac91922a07ab0798d68343eb159094a3b946a785bc8611b95332517cef0cd"},
    {file = "shap-0.41.0-cp37-cp37m-manylinux_2_12_x86_64.manylinux2010_x86_64.whl", hash = "sha256:a668caa5efc8ddb4bd00d1d1201fcb4a829930a773d40020a936d1b2c9d5fb7f"},
    {file = "shap-0.41.0-cp37-cp37m-win32.whl", hash = "sha256:45656f42028d40ff83fddf670ba968297edf564bd5761f30f29f9eeb973d4b01"},
    {file = "shap-0.41.0-cp37-cp37m-win_amd64.whl", hash = "sha256:dab84f1540b8af1dbf2dca2b1f883c30b65ed3e4fb243e87c03bf2866655a4a7"},
    {file = "shap-0.41.0-cp38-cp38-macosx_10_9_x86_64.whl", hash = "sha256:1e1b2e135098909d18c83dc29bd81532f1f800c84593c15c02a2b915bec4828c"},
    {file = "shap-0.41.0-cp38-cp38-manylinux_2_12_i686.manylinux2010_i686.whl", hash = "sha256:39946283182c62b61b23f23288497220d4cb9c5175784b09b3cf8319f9e77dcd"},
    {file = "shap-0.41.0-cp38-cp38-manylinux_2_12_x86_64.manylinux2010_x86_64.whl", hash = "sha256:e171dd8f0814336e361081b415e8a079754ff9e6f22fcae9baf190e593d4c904"},
    {file = "shap-0.41.0-cp38-cp38-win32.whl", hash = "sha256:6a2e3f701f0eb61164d9aa3687f2e4a6ea9e0296be409372a69efe70c3fcca81"},
    {file = "shap-0.41.0-cp38-cp38-win_amd64.whl", hash = "sha256:a9cf919fb1892a7621074a65ea0c8859f5781848a57858304f782cdbadba0106"},
    {file = "shap-0.41.0-cp39-cp39-macosx_10_9_x86_64.whl", hash = "sha256:817569a4a661f4d80d0f3626392f0c2e1b4e04ef9051017d02266d04e072c24a"},
    {file = "shap-0.41.0-cp39-cp39-manylinux_2_12_i686.manylinux2010_i686.whl", hash = "sha256:518e31bf20a31aa1eaf475935e45a4ef2806186f1bb1ddfa53680b4af12fc410"},
    {file = "shap-0.41.0-cp39-cp39-manylinux_2_12_x86_64.manylinux2010_x86_64.whl", hash = "sha256:aa59b355537e3b29fa62daaddff4eaad6e8f885dc8a9fb8b936e12dde5c73fd8"},
    {file = "shap-0.41.0-cp39-cp39-win32.whl", hash = "sha256:2736eb55633d1fe95d091c54edde220fc30ba0a6f99cdf985337f19fd9eff8bd"},
    {file = "shap-0.41.0-cp39-cp39-win_amd64.whl", hash = "sha256:c7afe5d5e3547e4392bc43f47dc2b6cef2a4a8b366bd7ef8495736af7013c8e7"},
    {file = "shap-0.41.0.tar.gz", hash = "sha256:a49ea4d65aadbc845a695fa3d7ea0bdfc8c928b8e213b0feedf5868ade4b3ca5"},
]
six = [
    {file = "six-1.16.0-py2.py3-none-any.whl", hash = "sha256:8abb2f1d86890a2dfb989f9a77cfcfd3e47c2a354b01111771326f8aa26e0254"},
    {file = "six-1.16.0.tar.gz", hash = "sha256:1e61c37477a1626458e36f7b1d82aa5c9b094fa4802892072e49de9c60c4c926"},
]
slicer = [
    {file = "slicer-0.0.7-py3-none-any.whl", hash = "sha256:0b94faa5251c0f23782c03f7b7eedda91d80144059645f452c4bc80fab875976"},
    {file = "slicer-0.0.7.tar.gz", hash = "sha256:f5d5f7b45f98d155b9c0ba6554fa9770c6b26d5793a3e77a1030fb56910ebeec"},
]
threadpoolctl = [
    {file = "threadpoolctl-3.1.0-py3-none-any.whl", hash = "sha256:8b99adda265feb6773280df41eece7b2e6561b772d21ffd52e372f999024907b"},
    {file = "threadpoolctl-3.1.0.tar.gz", hash = "sha256:a335baacfaa4400ae1f0d8e3a58d6674d2f8828e3716bb2802c44955ad391380"},
]
toml = [
    {file = "toml-0.10.2-py2.py3-none-any.whl", hash = "sha256:806143ae5bfb6a3c6e736a764057db0e6a0e05e338b5630894a5f779cabb4f9b"},
    {file = "toml-0.10.2.tar.gz", hash = "sha256:b3bda1d108d5dd99f4a20d24d9c348e91c4db7ab1b749200bded2f839ccbe68f"},
]
tqdm = []
wrapt = []
zipp = []
